
Microsoft Visual Studio Solution File, Format Version 12.00
# Visual Studio Version 17
VisualStudioVersion = 17.0.31903.59
MinimumVisualStudioVersion = 10.0.40219.1
Project("{FAE04EC0-301F-11D3-BF4B-00C04F79EFBC}") = "GrpcServerApp", "GrpcServerApp\GrpcServerApp.csproj", "{DB129286-06DB-466C-8C9E-1A676EA73694}"
EndProject
Project("{FAE04EC0-301F-11D3-BF4B-00C04F79EFBC}") = "GrpcClientApp", "GrpcClientApp\GrpcClientApp.csproj", "{FBEB8C71-A5E2-4C1A-BEDF-64C506D97F8F}"
EndProject
Global
	GlobalSection(SolutionConfigurationPlatforms) = preSolution
		Debug|Any CPU = Debug|Any CPU
		Release|Any CPU = Release|Any CPU
	EndGlobalSection
	GlobalSection(SolutionProperties) = preSolution
		HideSolutionNode = FALSE
	EndGlobalSection
	GlobalSection(ProjectConfigurationPlatforms) = postSolution
		{DB129286-06DB-466C-8C9E-1A676EA73694}.Debug|Any CPU.ActiveCfg = Debug|Any CPU
		{DB129286-06DB-466C-8C9E-1A676EA73694}.Debug|Any CPU.Build.0 = Debug|Any CPU
		{DB129286-06DB-466C-8C9E-1A676EA73694}.Release|Any CPU.ActiveCfg = Release|Any CPU
		{DB129286-06DB-466C-8C9E-1A676EA73694}.Release|Any CPU.Build.0 = Release|Any CPU
		{FBEB8C71-A5E2-4C1A-BEDF-64C506D97F8F}.Debug|Any CPU.ActiveCfg = Debug|Any CPU
		{FBEB8C71-A5E2-4C1A-BEDF-64C506D97F8F}.Debug|Any CPU.Build.0 = Debug|Any CPU
		{FBEB8C71-A5E2-4C1A-BEDF-64C506D97F8F}.Release|Any CPU.ActiveCfg = Release|Any CPU
		{FBEB8C71-A5E2-4C1A-BEDF-64C506D97F8F}.Release|Any CPU.Build.0 = Release|Any CPU
	EndGlobalSection
EndGlobal
